
Microsoft Visual Studio Solution File, Format Version 12.00
# Visual Studio Version 17
VisualStudioVersion = 17.10.34928.147
MinimumVisualStudioVersion = 10.0.40219.1
Project("{FAE04EC0-301F-11D3-BF4B-00C04F79EFBC}") = "Task1", "Task1\Task1.csproj", "{2A66DEF8-F307-43FC-8889-45F9461BE123}"
EndProject
Project("{FAE04EC0-301F-11D3-BF4B-00C04F79EFBC}") = "task2", "task2\task2.csproj", "{94499B6D-9DC2-481F-B200-C2963A928AF4}"
EndProject
Project("{FAE04EC0-301F-11D3-BF4B-00C04F79EFBC}") = "task3", "task3\task3.csproj", "{13C020E6-0543-4AD4-8A9E-F58A4DB55222}"
EndProject
Global
	GlobalSection(SolutionConfigurationPlatforms) = preSolution
		Debug|Any CPU = Debug|Any CPU
		Release|Any CPU = Release|Any CPU
	EndGlobalSection
	GlobalSection(ProjectConfigurationPlatforms) = postSolution
		{2A66DEF8-F307-43FC-8889-45F9461BE123}.Debug|Any CPU.ActiveCfg = Debug|Any CPU
		{2A66DEF8-F307-43FC-8889-45F9461BE123}.Debug|Any CPU.Build.0 = Debug|Any CPU
		{2A66DEF8-F307-43FC-8889-45F9461BE123}.Release|Any CPU.ActiveCfg = Release|Any CPU
		{2A66DEF8-F307-43FC-8889-45F9461BE123}.Release|Any CPU.Build.0 = Release|Any CPU
		{94499B6D-9DC2-481F-B200-C2963A928AF4}.Debug|Any CPU.ActiveCfg = Debug|Any CPU
		{94499B6D-9DC2-481F-B200-C2963A928AF4}.Debug|Any CPU.Build.0 = Debug|Any CPU
		{94499B6D-9DC2-481F-B200-C2963A928AF4}.Release|Any CPU.ActiveCfg = Release|Any CPU
		{94499B6D-9DC2-481F-B200-C2963A928AF4}.Release|Any CPU.Build.0 = Release|Any CPU
		{13C020E6-0543-4AD4-8A9E-F58A4DB55222}.Debug|Any CPU.ActiveCfg = Debug|Any CPU
		{13C020E6-0543-4AD4-8A9E-F58A4DB55222}.Debug|Any CPU.Build.0 = Debug|Any CPU
		{13C020E6-0543-4AD4-8A9E-F58A4DB55222}.Release|Any CPU.ActiveCfg = Release|Any CPU
		{13C020E6-0543-4AD4-8A9E-F58A4DB55222}.Release|Any CPU.Build.0 = Release|Any CPU
	EndGlobalSection
	GlobalSection(SolutionProperties) = preSolution
		HideSolutionNode = FALSE
	EndGlobalSection
	GlobalSection(ExtensibilityGlobals) = postSolution
		SolutionGuid = {90405E25-5B3A-4E82-8F6F-2595441A598C}
	EndGlobalSection
EndGlobal
